
Microsoft Visual Studio Solution File, Format Version 12.00
# Visual Studio Version 16
VisualStudioVersion = 16.0.29102.190
MinimumVisualStudioVersion = 10.0.40219.1
Project("{9A19103F-16F7-4668-BE54-9A1E7A4F7556}") = "AllowanceFunctions", "AllowanceFunctions.csproj", "{77AE4B36-D4C1-4EEB-A3C9-EDCC8C2AF441}"
EndProject
Project("{00D1A9C2-B5F0-4AF3-8072-F6C62B433612}") = "allowance-db", "..\allowance-db\allowance-db.sqlproj", "{CDE19934-2BA6-4EE2-8B34-0860CCFACA6D}"
EndProject
Global
	GlobalSection(SolutionConfigurationPlatforms) = preSolution
		Debug|Any CPU = Debug|Any CPU
		Release|Any CPU = Release|Any CPU
	EndGlobalSection
	GlobalSection(ProjectConfigurationPlatforms) = postSolution
		{77AE4B36-D4C1-4EEB-A3C9-EDCC8C2AF441}.Debug|Any CPU.ActiveCfg = Debug|Any CPU
		{77AE4B36-D4C1-4EEB-A3C9-EDCC8C2AF441}.Debug|Any CPU.Build.0 = Debug|Any CPU
		{77AE4B36-D4C1-4EEB-A3C9-EDCC8C2AF441}.Release|Any CPU.ActiveCfg = Release|Any CPU
		{77AE4B36-D4C1-4EEB-A3C9-EDCC8C2AF441}.Release|Any CPU.Build.0 = Release|Any CPU
		{CDE19934-2BA6-4EE2-8B34-0860CCFACA6D}.Debug|Any CPU.ActiveCfg = Debug|Any CPU
		{CDE19934-2BA6-4EE2-8B34-0860CCFACA6D}.Debug|Any CPU.Build.0 = Debug|Any CPU
		{CDE19934-2BA6-4EE2-8B34-0860CCFACA6D}.Debug|Any CPU.Deploy.0 = Debug|Any CPU
		{CDE19934-2BA6-4EE2-8B34-0860CCFACA6D}.Release|Any CPU.ActiveCfg = Release|Any CPU
		{CDE19934-2BA6-4EE2-8B34-0860CCFACA6D}.Release|Any CPU.Build.0 = Release|Any CPU
		{CDE19934-2BA6-4EE2-8B34-0860CCFACA6D}.Release|Any CPU.Deploy.0 = Release|Any CPU
	EndGlobalSection
	GlobalSection(SolutionProperties) = preSolution
		HideSolutionNode = FALSE
	EndGlobalSection
	GlobalSection(ExtensibilityGlobals) = postSolution
		SolutionGuid = {0A4089ED-FEA7-4B3F-89CB-FB2DEB622F66}
	EndGlobalSection
EndGlobal
